// !$*UTF8*$!
{
	archiveVersion = 1;
	classes = {
	};
	objectVersion = 46;
	objects = {
/* Begin PBXBuildFile section */
		032F3209690A462691A1C62B /* SystemConfiguration.framework in Frameworks */ = {isa = PBXBuildFile; fileRef = 3DD7900A49254787A95FE2A4 /* SystemConfiguration.framework */; settings = {ATTRIBUTES = (Weak, ); }; };
		0609D8602AA3421CB104AA67 /* CDVLocation.m in Sources */ = {isa = PBXBuildFile; fileRef = CEC4349BCFD247F0A4B25D88 /* CDVLocation.m */; };
		068A798061BB445388D4CDED /* scannerOverlay.xib in Resources */ = {isa = PBXBuildFile; fileRef = 420A5FB06749414E896CEA4F /* scannerOverlay.xib */; };
		11BB717A7C1D43EB94CF7EA6 /* QuartzCore.framework in Frameworks */ = {isa = PBXBuildFile; fileRef = B545401C9F1D4EA6941AE7FF /* QuartzCore.framework */; };
		1D3623260D0F684500981E51 /* AppDelegate.m in Sources */ = {isa = PBXBuildFile; fileRef = 1D3623250D0F684500981E51 /* AppDelegate.m */; };
		1D60589B0D05DD56006BFB54 /* main.m in Sources */ = {isa = PBXBuildFile; fileRef = 29B97316FDCFA39411CA2CEA /* main.m */; };
		1F766FE113BBADB100FB74C0 /* Localizable.strings in Resources */ = {isa = PBXBuildFile; fileRef = 1F766FDC13BBADB100FB74C0 /* Localizable.strings */; };
		288765FD0DF74451002DB57D /* CoreGraphics.framework in Frameworks */ = {isa = PBXBuildFile; fileRef = 288765FC0DF74451002DB57D /* CoreGraphics.framework */; };
		301BF552109A68D80062928A /* libCordova.a in Frameworks */ = {isa = PBXBuildFile; fileRef = 301BF535109A57CC0062928A /* libCordova.a */; };
		302D95F114D2391D003F00A1 /* MainViewController.m in Sources */ = {isa = PBXBuildFile; fileRef = 302D95EF14D2391D003F00A1 /* MainViewController.m */; };
		302D95F214D2391D003F00A1 /* MainViewController.xib in Resources */ = {isa = PBXBuildFile; fileRef = 302D95F014D2391D003F00A1 /* MainViewController.xib */; };
		305D5FD1115AB8F900A74A75 /* MobileCoreServices.framework in Frameworks */ = {isa = PBXBuildFile; fileRef = 305D5FD0115AB8F900A74A75 /* MobileCoreServices.framework */; };
		3088BBBD154F3926009F9C59 /* Default-Landscape@2x~ipad.png in Resources */ = {isa = PBXBuildFile; fileRef = 3088BBB7154F3926009F9C59 /* Default-Landscape@2x~ipad.png */; };
		3088BBBE154F3926009F9C59 /* Default-Landscape~ipad.png in Resources */ = {isa = PBXBuildFile; fileRef = 3088BBB8154F3926009F9C59 /* Default-Landscape~ipad.png */; };
		3088BBBF154F3926009F9C59 /* Default-Portrait@2x~ipad.png in Resources */ = {isa = PBXBuildFile; fileRef = 3088BBB9154F3926009F9C59 /* Default-Portrait@2x~ipad.png */; };
		3088BBC0154F3926009F9C59 /* Default-Portrait~ipad.png in Resources */ = {isa = PBXBuildFile; fileRef = 3088BBBA154F3926009F9C59 /* Default-Portrait~ipad.png */; };
		3088BBC1154F3926009F9C59 /* Default@2x~iphone.png in Resources */ = {isa = PBXBuildFile; fileRef = 3088BBBB154F3926009F9C59 /* Default@2x~iphone.png */; };
		3088BBC2154F3926009F9C59 /* Default~iphone.png in Resources */ = {isa = PBXBuildFile; fileRef = 3088BBBC154F3926009F9C59 /* Default~iphone.png */; };
		308D05371370CCF300D202BF /* icon-72.png in Resources */ = {isa = PBXBuildFile; fileRef = 308D052E1370CCF300D202BF /* icon-72.png */; };
		308D05381370CCF300D202BF /* icon.png in Resources */ = {isa = PBXBuildFile; fileRef = 308D052F1370CCF300D202BF /* icon.png */; };
		308D05391370CCF300D202BF /* icon@2x.png in Resources */ = {isa = PBXBuildFile; fileRef = 308D05301370CCF300D202BF /* icon@2x.png */; };
		30974DC7F5434EEE93DF2C7A /* libiconv.dylib in Frameworks */ = {isa = PBXBuildFile; fileRef = EE11A593E63F43828035A40C /* libiconv.dylib */; };
		30A0434814DC770100060A13 /* Localizable.strings in Resources */ = {isa = PBXBuildFile; fileRef = 30A0434314DC770100060A13 /* Localizable.strings */; };
		30FC414916E50CA1004E6F35 /* icon-72@2x.png in Resources */ = {isa = PBXBuildFile; fileRef = 30FC414816E50CA1004E6F35 /* icon-72@2x.png */; };
		3D90750949F541DC8C82474B /* CDVDevice.m in Sources */ = {isa = PBXBuildFile; fileRef = 532BEE24559548C5A509811D /* CDVDevice.m */; };
		3E52EAA982874024BBC15DE3 /* FacebookSDK.framework in Frameworks */ = {isa = PBXBuildFile; fileRef = 154361C41A194DFDB370AB41 /* FacebookSDK.framework */; };
		46466187BC4D4C46B0C13685 /* Accounts.framework in Frameworks */ = {isa = PBXBuildFile; fileRef = C9BF746A65654281B79CC222 /* Accounts.framework */; settings = {ATTRIBUTES = (Weak, ); }; };
		515AA3EE3378481D910C3687 /* CDVBarcodeScanner.mm in Sources */ = {isa = PBXBuildFile; fileRef = FD0BEBAE814B48A28226E12B /* CDVBarcodeScanner.mm */; settings = {COMPILER_FLAGS = "-fno-objc-arc"; }; };
		51EE38641DF44D8EBFE4FCE1 /* CDVFileTransfer.m in Sources */ = {isa = PBXBuildFile; fileRef = 66FB27D21F164551B7793249 /* CDVFileTransfer.m */; };
		5AEE5B35173C68D80009041E /* CoreLocation.framework in Frameworks */ = {isa = PBXBuildFile; fileRef = 5AEE5B34173C68D80009041E /* CoreLocation.framework */; };
		5B1594DD16A7569C00FEF299 /* AssetsLibrary.framework in Frameworks */ = {isa = PBXBuildFile; fileRef = 5B1594DC16A7569C00FEF299 /* AssetsLibrary.framework */; };
		64C75AABF2314A31B8BE48AD /* CDVAssetLibraryFilesystem.m in Sources */ = {isa = PBXBuildFile; fileRef = A8A205649891445BB6698A1D /* CDVAssetLibraryFilesystem.m */; };
		7305BEE2FC92406482F98435 /* CDVCamera.m in Sources */ = {isa = PBXBuildFile; fileRef = D299CBF62D7E428EAA74216D /* CDVCamera.m */; };
		7BCCD43D776041D4B06F8F80 /* zxing-all-in-one.cpp in Sources */ = {isa = PBXBuildFile; fileRef = E011822D318E4DF8B4994D2B /* zxing-all-in-one.cpp */; };
		7E7966DE1810823500FA85AD /* icon-40.png in Resources */ = {isa = PBXBuildFile; fileRef = 7E7966D41810823500FA85AD /* icon-40.png */; };
		7E7966DF1810823500FA85AD /* icon-40@2x.png in Resources */ = {isa = PBXBuildFile; fileRef = 7E7966D51810823500FA85AD /* icon-40@2x.png */; };
		7E7966E01810823500FA85AD /* icon-50.png in Resources */ = {isa = PBXBuildFile; fileRef = 7E7966D61810823500FA85AD /* icon-50.png */; };
		7E7966E11810823500FA85AD /* icon-50@2x.png in Resources */ = {isa = PBXBuildFile; fileRef = 7E7966D71810823500FA85AD /* icon-50@2x.png */; };
		7E7966E21810823500FA85AD /* icon-60.png in Resources */ = {isa = PBXBuildFile; fileRef = 7E7966D81810823500FA85AD /* icon-60.png */; };
		7E7966E31810823500FA85AD /* icon-60@2x.png in Resources */ = {isa = PBXBuildFile; fileRef = 7E7966D91810823500FA85AD /* icon-60@2x.png */; };
		7E7966E41810823500FA85AD /* icon-76.png in Resources */ = {isa = PBXBuildFile; fileRef = 7E7966DA1810823500FA85AD /* icon-76.png */; };
		7E7966E51810823500FA85AD /* icon-76@2x.png in Resources */ = {isa = PBXBuildFile; fileRef = 7E7966DB1810823500FA85AD /* icon-76@2x.png */; };
		7E7966E61810823500FA85AD /* icon-small.png in Resources */ = {isa = PBXBuildFile; fileRef = 7E7966DC1810823500FA85AD /* icon-small.png */; };
		7E7966E71810823500FA85AD /* icon-small@2x.png in Resources */ = {isa = PBXBuildFile; fileRef = 7E7966DD1810823500FA85AD /* icon-small@2x.png */; };
		82FB3B7A118042F79EA02BD3 /* AdSupport.framework in Frameworks */ = {isa = PBXBuildFile; fileRef = CF0400049EFC40C68122F091 /* AdSupport.framework */; settings = {ATTRIBUTES = (Weak, ); }; };
		857C2C52564A40EFB72079B9 /* libsqlite3.dylib in Frameworks */ = {isa = PBXBuildFile; fileRef = 0AFA16D0B4EC4AF4A6A4DF55 /* libsqlite3.dylib */; };
		9326D8273C15478E830897A6 /* CDVLogger.m in Sources */ = {isa = PBXBuildFile; fileRef = DBFA13BDB47246A48A168A12 /* CDVLogger.m */; };
		B22E8CCF4A194B0E9F64BD40 /* Social.framework in Frameworks */ = {isa = PBXBuildFile; fileRef = 981D0B0BA25340229DE5B91B /* Social.framework */; settings = {ATTRIBUTES = (Weak, ); }; };
		B6D49CE8197133560091AA60 /* icon-76.png in Resources */ = {isa = PBXBuildFile; fileRef = 7E7966DA1810823500FA85AD /* icon-76.png */; };
		B6D49CE9197133560091AA60 /* icon-40@2x.png in Resources */ = {isa = PBXBuildFile; fileRef = 7E7966D51810823500FA85AD /* icon-40@2x.png */; };
		B6D49CEA197133560091AA60 /* icon-72.png in Resources */ = {isa = PBXBuildFile; fileRef = 308D052E1370CCF300D202BF /* icon-72.png */; };
		B6D49CEB197133560091AA60 /* icon.png in Resources */ = {isa = PBXBuildFile; fileRef = 308D052F1370CCF300D202BF /* icon.png */; };
		B6D49CEC197133560091AA60 /* icon@2x.png in Resources */ = {isa = PBXBuildFile; fileRef = 308D05301370CCF300D202BF /* icon@2x.png */; };
		B6D49CED197133560091AA60 /* Localizable.strings in Resources */ = {isa = PBXBuildFile; fileRef = 1F766FDC13BBADB100FB74C0 /* Localizable.strings */; };
		B6D49CEE197133560091AA60 /* MainViewController.xib in Resources */ = {isa = PBXBuildFile; fileRef = 302D95F014D2391D003F00A1 /* MainViewController.xib */; };
		B6D49CEF197133560091AA60 /* icon-50.png in Resources */ = {isa = PBXBuildFile; fileRef = 7E7966D61810823500FA85AD /* icon-50.png */; };
		B6D49CF0197133560091AA60 /* icon-60@2x.png in Resources */ = {isa = PBXBuildFile; fileRef = 7E7966D91810823500FA85AD /* icon-60@2x.png */; };
		B6D49CF1197133560091AA60 /* Localizable.strings in Resources */ = {isa = PBXBuildFile; fileRef = 30A0434314DC770100060A13 /* Localizable.strings */; };
		B6D49CF2197133560091AA60 /* icon-small.png in Resources */ = {isa = PBXBuildFile; fileRef = 7E7966DC1810823500FA85AD /* icon-small.png */; };
		B6D49CF3197133560091AA60 /* Default-Landscape@2x~ipad.png in Resources */ = {isa = PBXBuildFile; fileRef = 3088BBB7154F3926009F9C59 /* Default-Landscape@2x~ipad.png */; };
		B6D49CF4197133560091AA60 /* Default-Landscape~ipad.png in Resources */ = {isa = PBXBuildFile; fileRef = 3088BBB8154F3926009F9C59 /* Default-Landscape~ipad.png */; };
		B6D49CF5197133560091AA60 /* Default-Portrait@2x~ipad.png in Resources */ = {isa = PBXBuildFile; fileRef = 3088BBB9154F3926009F9C59 /* Default-Portrait@2x~ipad.png */; };
		B6D49CF6197133560091AA60 /* icon-small@2x.png in Resources */ = {isa = PBXBuildFile; fileRef = 7E7966DD1810823500FA85AD /* icon-small@2x.png */; };
		B6D49CF7197133560091AA60 /* Default-Portrait~ipad.png in Resources */ = {isa = PBXBuildFile; fileRef = 3088BBBA154F3926009F9C59 /* Default-Portrait~ipad.png */; };
		B6D49CF8197133560091AA60 /* icon-40.png in Resources */ = {isa = PBXBuildFile; fileRef = 7E7966D41810823500FA85AD /* icon-40.png */; };
		B6D49CF9197133560091AA60 /* Default@2x~iphone.png in Resources */ = {isa = PBXBuildFile; fileRef = 3088BBBB154F3926009F9C59 /* Default@2x~iphone.png */; };
		B6D49CFA197133560091AA60 /* icon-60.png in Resources */ = {isa = PBXBuildFile; fileRef = 7E7966D81810823500FA85AD /* icon-60.png */; };
		B6D49CFB197133560091AA60 /* Default~iphone.png in Resources */ = {isa = PBXBuildFile; fileRef = 3088BBBC154F3926009F9C59 /* Default~iphone.png */; };
		B6D49CFC197133560091AA60 /* Default-568h@2x~iphone.png in Resources */ = {isa = PBXBuildFile; fileRef = D4A0D8751607E02300AEF8BB /* Default-568h@2x~iphone.png */; };
		B6D49CFD197133560091AA60 /* icon-50@2x.png in Resources */ = {isa = PBXBuildFile; fileRef = 7E7966D71810823500FA85AD /* icon-50@2x.png */; };
		B6D49CFE197133560091AA60 /* icon-76@2x.png in Resources */ = {isa = PBXBuildFile; fileRef = 7E7966DB1810823500FA85AD /* icon-76@2x.png */; };
		B6D49CFF197133560091AA60 /* icon-72@2x.png in Resources */ = {isa = PBXBuildFile; fileRef = 30FC414816E50CA1004E6F35 /* icon-72@2x.png */; };
		B6D49D00197133560091AA60 /* scannerOverlay.xib in Resources */ = {isa = PBXBuildFile; fileRef = 420A5FB06749414E896CEA4F /* scannerOverlay.xib */; };
		B6D49D02197133560091AA60 /* main.m in Sources */ = {isa = PBXBuildFile; fileRef = 29B97316FDCFA39411CA2CEA /* main.m */; };
		B6D49D03197133560091AA60 /* AppDelegate.m in Sources */ = {isa = PBXBuildFile; fileRef = 1D3623250D0F684500981E51 /* AppDelegate.m */; };
		B6D49D04197133560091AA60 /* MainViewController.m in Sources */ = {isa = PBXBuildFile; fileRef = 302D95EF14D2391D003F00A1 /* MainViewController.m */; };
		B6D49D05197133560091AA60 /* CDVBarcodeScanner.mm in Sources */ = {isa = PBXBuildFile; fileRef = FD0BEBAE814B48A28226E12B /* CDVBarcodeScanner.mm */; settings = {COMPILER_FLAGS = "-fno-objc-arc"; }; };
		B6D49D06197133560091AA60 /* zxing-all-in-one.cpp in Sources */ = {isa = PBXBuildFile; fileRef = E011822D318E4DF8B4994D2B /* zxing-all-in-one.cpp */; };
		B6D49D07197133560091AA60 /* CDVLogger.m in Sources */ = {isa = PBXBuildFile; fileRef = DBFA13BDB47246A48A168A12 /* CDVLogger.m */; };
		B6D49D08197133560091AA60 /* CDVDevice.m in Sources */ = {isa = PBXBuildFile; fileRef = 532BEE24559548C5A509811D /* CDVDevice.m */; };
		B6D49D09197133560091AA60 /* CDVConnection.m in Sources */ = {isa = PBXBuildFile; fileRef = 951094989D7940018AB4A067 /* CDVConnection.m */; };
		B6D49D0A197133560091AA60 /* CDVReachability.m in Sources */ = {isa = PBXBuildFile; fileRef = A8F4D933319D4F418FD12B25 /* CDVReachability.m */; };
		B6D49D0B197133560091AA60 /* CDVCamera.m in Sources */ = {isa = PBXBuildFile; fileRef = D299CBF62D7E428EAA74216D /* CDVCamera.m */; };
		B6D49D0C197133560091AA60 /* CDVJpegHeaderWriter.m in Sources */ = {isa = PBXBuildFile; fileRef = 35F274484E6C4389A6988ACC /* CDVJpegHeaderWriter.m */; };
		B6D49D0D197133560091AA60 /* CDVLocation.m in Sources */ = {isa = PBXBuildFile; fileRef = CEC4349BCFD247F0A4B25D88 /* CDVLocation.m */; };
		B6D49D0E197133560091AA60 /* CDVInAppBrowser.m in Sources */ = {isa = PBXBuildFile; fileRef = 6AF97F7E7FC4417ABC1583E1 /* CDVInAppBrowser.m */; };
		B6D49D0F197133560091AA60 /* CDVFile.m in Sources */ = {isa = PBXBuildFile; fileRef = EC02BA9695224712BB84E542 /* CDVFile.m */; };
		B6D49D10197133560091AA60 /* CDVLocalFilesystem.m in Sources */ = {isa = PBXBuildFile; fileRef = 978BAAB064D14562AECDB261 /* CDVLocalFilesystem.m */; };
		B6D49D11197133560091AA60 /* CDVAssetLibraryFilesystem.m in Sources */ = {isa = PBXBuildFile; fileRef = A8A205649891445BB6698A1D /* CDVAssetLibraryFilesystem.m */; };
		B6D49D12197133560091AA60 /* CDVFileTransfer.m in Sources */ = {isa = PBXBuildFile; fileRef = 66FB27D21F164551B7793249 /* CDVFileTransfer.m */; };
		B6D49D13197133560091AA60 /* FacebookConnectPlugin.m in Sources */ = {isa = PBXBuildFile; fileRef = 00183CCAB66945D4A11A2F7D /* FacebookConnectPlugin.m */; };
		B6D49D15197133560091AA60 /* AssetsLibrary.framework in Frameworks */ = {isa = PBXBuildFile; fileRef = 5B1594DC16A7569C00FEF299 /* AssetsLibrary.framework */; };
		B6D49D16197133560091AA60 /* libCordova.a in Frameworks */ = {isa = PBXBuildFile; fileRef = 301BF535109A57CC0062928A /* libCordova.a */; };
		B6D49D17197133560091AA60 /* CoreGraphics.framework in Frameworks */ = {isa = PBXBuildFile; fileRef = 288765FC0DF74451002DB57D /* CoreGraphics.framework */; };
		B6D49D18197133560091AA60 /* MobileCoreServices.framework in Frameworks */ = {isa = PBXBuildFile; fileRef = 305D5FD0115AB8F900A74A75 /* MobileCoreServices.framework */; };
		B6D49D19197133560091AA60 /* CoreLocation.framework in Frameworks */ = {isa = PBXBuildFile; fileRef = 5AEE5B34173C68D80009041E /* CoreLocation.framework */; };
		B6D49D1A197133560091AA60 /* libiconv.dylib in Frameworks */ = {isa = PBXBuildFile; fileRef = EE11A593E63F43828035A40C /* libiconv.dylib */; };
		B6D49D1B197133560091AA60 /* AVFoundation.framework in Frameworks */ = {isa = PBXBuildFile; fileRef = 35E8FCB410FD4107B67AAD32 /* AVFoundation.framework */; };
		B6D49D1C197133560091AA60 /* CoreVideo.framework in Frameworks */ = {isa = PBXBuildFile; fileRef = 0171741C72904E7AB03AA7D5 /* CoreVideo.framework */; };
		B6D49D1D197133560091AA60 /* QuartzCore.framework in Frameworks */ = {isa = PBXBuildFile; fileRef = B545401C9F1D4EA6941AE7FF /* QuartzCore.framework */; };
		B6D49D1E197133560091AA60 /* SystemConfiguration.framework in Frameworks */ = {isa = PBXBuildFile; fileRef = 3DD7900A49254787A95FE2A4 /* SystemConfiguration.framework */; settings = {ATTRIBUTES = (Weak, ); }; };
		B6D49D1F197133560091AA60 /* ImageIO.framework in Frameworks */ = {isa = PBXBuildFile; fileRef = 3434C1AE7B1B41B0A46BD9C7 /* ImageIO.framework */; settings = {ATTRIBUTES = (Weak, ); }; };
		B6D49D20197133560091AA60 /* FacebookSDK.framework in Frameworks */ = {isa = PBXBuildFile; fileRef = 154361C41A194DFDB370AB41 /* FacebookSDK.framework */; };
		B6D49D21197133560091AA60 /* libsqlite3.dylib in Frameworks */ = {isa = PBXBuildFile; fileRef = 0AFA16D0B4EC4AF4A6A4DF55 /* libsqlite3.dylib */; };
		B6D49D22197133560091AA60 /* Social.framework in Frameworks */ = {isa = PBXBuildFile; fileRef = 981D0B0BA25340229DE5B91B /* Social.framework */; settings = {ATTRIBUTES = (Weak, ); }; };
		B6D49D23197133560091AA60 /* Accounts.framework in Frameworks */ = {isa = PBXBuildFile; fileRef = C9BF746A65654281B79CC222 /* Accounts.framework */; settings = {ATTRIBUTES = (Weak, ); }; };
		B6D49D24197133560091AA60 /* AdSupport.framework in Frameworks */ = {isa = PBXBuildFile; fileRef = CF0400049EFC40C68122F091 /* AdSupport.framework */; settings = {ATTRIBUTES = (Weak, ); }; };
		B6D49D25197133560091AA60 /* Security.framework in Frameworks */ = {isa = PBXBuildFile; fileRef = 30B85A8D297043599927587C /* Security.framework */; settings = {ATTRIBUTES = (Weak, ); }; };
		B6D49D2B1971337B0091AA60 /* Cloobster copy.app in Resources */ = {isa = PBXBuildFile; fileRef = B6D49D29197133560091AA60 /* Cloobster copy.app */; };
		C54749665219470EA2F17EC7 /* Security.framework in Frameworks */ = {isa = PBXBuildFile; fileRef = 30B85A8D297043599927587C /* Security.framework */; settings = {ATTRIBUTES = (Weak, ); }; };
		D4A0D8761607E02300AEF8BB /* Default-568h@2x~iphone.png in Resources */ = {isa = PBXBuildFile; fileRef = D4A0D8751607E02300AEF8BB /* Default-568h@2x~iphone.png */; };
		D9AD8CB995674E9D9A5F5477 /* FacebookConnectPlugin.m in Sources */ = {isa = PBXBuildFile; fileRef = 00183CCAB66945D4A11A2F7D /* FacebookConnectPlugin.m */; };
		DF7090B34C0C4B959E748511 /* CDVFile.m in Sources */ = {isa = PBXBuildFile; fileRef = EC02BA9695224712BB84E542 /* CDVFile.m */; };
		E354BEB2CC91453E8444D8F4 /* CDVJpegHeaderWriter.m in Sources */ = {isa = PBXBuildFile; fileRef = 35F274484E6C4389A6988ACC /* CDVJpegHeaderWriter.m */; };
		E9FAA112BB0A48C0BB6FB771 /* ImageIO.framework in Frameworks */ = {isa = PBXBuildFile; fileRef = 3434C1AE7B1B41B0A46BD9C7 /* ImageIO.framework */; settings = {ATTRIBUTES = (Weak, ); }; };
		EC7B9A3A5B9142959C6355F1 /* CDVReachability.m in Sources */ = {isa = PBXBuildFile; fileRef = A8F4D933319D4F418FD12B25 /* CDVReachability.m */; };
		F1ECFA1E7F8F44D5AA147319 /* AVFoundation.framework in Frameworks */ = {isa = PBXBuildFile; fileRef = 35E8FCB410FD4107B67AAD32 /* AVFoundation.framework */; };
		F54717BB07F142A5A9B56DBB /* CoreVideo.framework in Frameworks */ = {isa = PBXBuildFile; fileRef = 0171741C72904E7AB03AA7D5 /* CoreVideo.framework */; };
		FA3CC91D3BF5408FB93C7993 /* CDVInAppBrowser.m in Sources */ = {isa = PBXBuildFile; fileRef = 6AF97F7E7FC4417ABC1583E1 /* CDVInAppBrowser.m */; };
		FE5A2A0AB77F4EFD86C479BC /* CDVLocalFilesystem.m in Sources */ = {isa = PBXBuildFile; fileRef = 978BAAB064D14562AECDB261 /* CDVLocalFilesystem.m */; };
		FF2F3021C58B4246A2CB3333 /* CDVConnection.m in Sources */ = {isa = PBXBuildFile; fileRef = 951094989D7940018AB4A067 /* CDVConnection.m */; };
/* End PBXBuildFile section */

/* Begin PBXContainerItemProxy section */
		301BF534109A57CC0062928A /* PBXContainerItemProxy */ = {
			isa = PBXContainerItemProxy;
			containerPortal = 301BF52D109A57CC0062928A /* CordovaLib.xcodeproj */;
			proxyType = 2;
			remoteGlobalIDString = D2AAC07E0554694100DB518D;
			remoteInfo = CordovaLib;
		};
		301BF550109A68C00062928A /* PBXContainerItemProxy */ = {
			isa = PBXContainerItemProxy;
			containerPortal = 301BF52D109A57CC0062928A /* CordovaLib.xcodeproj */;
			proxyType = 1;
			remoteGlobalIDString = D2AAC07D0554694100DB518D;
			remoteInfo = CordovaLib;
		};
		B6D49CE5197133560091AA60 /* PBXContainerItemProxy */ = {
			isa = PBXContainerItemProxy;
			containerPortal = 301BF52D109A57CC0062928A /* CordovaLib.xcodeproj */;
			proxyType = 1;
			remoteGlobalIDString = D2AAC07D0554694100DB518D;
			remoteInfo = CordovaLib;
		};
/* End PBXContainerItemProxy section */

/* Begin PBXFileReference section */
		00183CCAB66945D4A11A2F7D /* FacebookConnectPlugin.m */ = {isa = PBXFileReference; fileEncoding = 4; lastKnownFileType = sourcecode.c.objc; name = FacebookConnectPlugin.m; path = com.phonegap.plugins.facebookconnect/FacebookConnectPlugin.m; sourceTree = "<group>"; };
		0171741C72904E7AB03AA7D5 /* CoreVideo.framework */ = {isa = PBXFileReference; fileEncoding = 4; lastKnownFileType = wrapper.framework; name = CoreVideo.framework; path = System/Library/Frameworks/CoreVideo.framework; sourceTree = SDKROOT; };
		0AFA16D0B4EC4AF4A6A4DF55 /* libsqlite3.dylib */ = {isa = PBXFileReference; fileEncoding = 4; lastKnownFileType = "compiled.mach-o.dylib"; name = libsqlite3.dylib; path = usr/lib/libsqlite3.dylib; sourceTree = SDKROOT; };
		12A35F2631FB4BBAB7D94A4F /* CDVInAppBrowser.h */ = {isa = PBXFileReference; fileEncoding = 4; lastKnownFileType = sourcecode.c.h; name = CDVInAppBrowser.h; path = org.apache.cordova.inappbrowser/CDVInAppBrowser.h; sourceTree = "<group>"; };
		154361C41A194DFDB370AB41 /* FacebookSDK.framework */ = {isa = PBXFileReference; lastKnownFileType = wrapper.framework; name = FacebookSDK.framework; path = Cloobster/Plugins/com.phonegap.plugins.facebookconnect/FacebookSDK.framework; sourceTree = "<group>"; };
		1D3623240D0F684500981E51 /* AppDelegate.h */ = {isa = PBXFileReference; fileEncoding = 4; lastKnownFileType = sourcecode.c.h; path = AppDelegate.h; sourceTree = "<group>"; };
		1D3623250D0F684500981E51 /* AppDelegate.m */ = {isa = PBXFileReference; fileEncoding = 4; lastKnownFileType = sourcecode.c.objc; path = AppDelegate.m; sourceTree = "<group>"; };
		1D6058910D05DD3D006BFB54 /* Cloobster.app */ = {isa = PBXFileReference; explicitFileType = wrapper.application; includeInIndex = 0; path = Cloobster.app; sourceTree = BUILT_PRODUCTS_DIR; };
		1F766FDD13BBADB100FB74C0 /* en */ = {isa = PBXFileReference; lastKnownFileType = text.plist.strings; name = en; path = Localizable.strings; sourceTree = "<group>"; };
		1F766FE013BBADB100FB74C0 /* es */ = {isa = PBXFileReference; lastKnownFileType = text.plist.strings; name = es; path = Localizable.strings; sourceTree = "<group>"; };
		2714FDACB6224389A2D477DE /* CDVLocalFilesystem.h */ = {isa = PBXFileReference; fileEncoding = 4; lastKnownFileType = sourcecode.c.h; name = CDVLocalFilesystem.h; path = org.apache.cordova.file/CDVLocalFilesystem.h; sourceTree = "<group>"; };
		288765FC0DF74451002DB57D /* CoreGraphics.framework */ = {isa = PBXFileReference; lastKnownFileType = wrapper.framework; name = CoreGraphics.framework; path = System/Library/Frameworks/CoreGraphics.framework; sourceTree = SDKROOT; };
		29B97316FDCFA39411CA2CEA /* main.m */ = {isa = PBXFileReference; fileEncoding = 4; lastKnownFileType = sourcecode.c.objc; path = main.m; sourceTree = "<group>"; };
		301BF52D109A57CC0062928A /* CordovaLib.xcodeproj */ = {isa = PBXFileReference; lastKnownFileType = "wrapper.pb-project"; name = CordovaLib.xcodeproj; path = CordovaLib/CordovaLib.xcodeproj; sourceTree = "<group>"; };
		301BF56E109A69640062928A /* www */ = {isa = PBXFileReference; lastKnownFileType = folder; path = www; sourceTree = SOURCE_ROOT; };
		302D95EE14D2391D003F00A1 /* MainViewController.h */ = {isa = PBXFileReference; fileEncoding = 4; lastKnownFileType = sourcecode.c.h; path = MainViewController.h; sourceTree = "<group>"; };
		302D95EF14D2391D003F00A1 /* MainViewController.m */ = {isa = PBXFileReference; fileEncoding = 4; lastKnownFileType = sourcecode.c.objc; path = MainViewController.m; sourceTree = "<group>"; };
		302D95F014D2391D003F00A1 /* MainViewController.xib */ = {isa = PBXFileReference; fileEncoding = 4; lastKnownFileType = file.xib; path = MainViewController.xib; sourceTree = "<group>"; };
		305D5FD0115AB8F900A74A75 /* MobileCoreServices.framework */ = {isa = PBXFileReference; lastKnownFileType = wrapper.framework; name = MobileCoreServices.framework; path = System/Library/Frameworks/MobileCoreServices.framework; sourceTree = SDKROOT; };
		3088BBB7154F3926009F9C59 /* Default-Landscape@2x~ipad.png */ = {isa = PBXFileReference; lastKnownFileType = image.png; path = "Default-Landscape@2x~ipad.png"; sourceTree = "<group>"; };
		3088BBB8154F3926009F9C59 /* Default-Landscape~ipad.png */ = {isa = PBXFileReference; lastKnownFileType = image.png; path = "Default-Landscape~ipad.png"; sourceTree = "<group>"; };
		3088BBB9154F3926009F9C59 /* Default-Portrait@2x~ipad.png */ = {isa = PBXFileReference; lastKnownFileType = image.png; path = "Default-Portrait@2x~ipad.png"; sourceTree = "<group>"; };
		3088BBBA154F3926009F9C59 /* Default-Portrait~ipad.png */ = {isa = PBXFileReference; lastKnownFileType = image.png; path = "Default-Portrait~ipad.png"; sourceTree = "<group>"; };
		3088BBBB154F3926009F9C59 /* Default@2x~iphone.png */ = {isa = PBXFileReference; lastKnownFileType = image.png; path = "Default@2x~iphone.png"; sourceTree = "<group>"; };
		3088BBBC154F3926009F9C59 /* Default~iphone.png */ = {isa = PBXFileReference; lastKnownFileType = image.png; path = "Default~iphone.png"; sourceTree = "<group>"; };
		308D052E1370CCF300D202BF /* icon-72.png */ = {isa = PBXFileReference; lastKnownFileType = image.png; path = "icon-72.png"; sourceTree = "<group>"; };
		308D052F1370CCF300D202BF /* icon.png */ = {isa = PBXFileReference; lastKnownFileType = image.png; path = icon.png; sourceTree = "<group>"; };
		308D05301370CCF300D202BF /* icon@2x.png */ = {isa = PBXFileReference; lastKnownFileType = image.png; path = "icon@2x.png"; sourceTree = "<group>"; };
		30A0434414DC770100060A13 /* de */ = {isa = PBXFileReference; lastKnownFileType = text.plist.strings; name = de; path = Localizable.strings; sourceTree = "<group>"; };
		30A0434714DC770100060A13 /* se */ = {isa = PBXFileReference; lastKnownFileType = text.plist.strings; name = se; path = Localizable.strings; sourceTree = "<group>"; };
		30B85A8D297043599927587C /* Security.framework */ = {isa = PBXFileReference; fileEncoding = 4; lastKnownFileType = wrapper.framework; name = Security.framework; path = System/Library/Frameworks/Security.framework; sourceTree = SDKROOT; };
		30FC414816E50CA1004E6F35 /* icon-72@2x.png */ = {isa = PBXFileReference; lastKnownFileType = image.png; path = "icon-72@2x.png"; sourceTree = "<group>"; };
		32CA4F630368D1EE00C91783 /* Cloobster-Prefix.pch */ = {isa = PBXFileReference; fileEncoding = 4; lastKnownFileType = sourcecode.c.h; path = "Cloobster-Prefix.pch"; sourceTree = "<group>"; };
		3434C1AE7B1B41B0A46BD9C7 /* ImageIO.framework */ = {isa = PBXFileReference; fileEncoding = 4; lastKnownFileType = wrapper.framework; name = ImageIO.framework; path = System/Library/Frameworks/ImageIO.framework; sourceTree = SDKROOT; };
		35E8FCB410FD4107B67AAD32 /* AVFoundation.framework */ = {isa = PBXFileReference; fileEncoding = 4; lastKnownFileType = wrapper.framework; name = AVFoundation.framework; path = System/Library/Frameworks/AVFoundation.framework; sourceTree = SDKROOT; };
		35F274484E6C4389A6988ACC /* CDVJpegHeaderWriter.m */ = {isa = PBXFileReference; fileEncoding = 4; lastKnownFileType = sourcecode.c.objc; name = CDVJpegHeaderWriter.m; path = org.apache.cordova.camera/CDVJpegHeaderWriter.m; sourceTree = "<group>"; };
		3A721259FEBE45B1B61A2589 /* CDVJpegHeaderWriter.h */ = {isa = PBXFileReference; fileEncoding = 4; lastKnownFileType = sourcecode.c.h; name = CDVJpegHeaderWriter.h; path = org.apache.cordova.camera/CDVJpegHeaderWriter.h; sourceTree = "<group>"; };
		3DD7900A49254787A95FE2A4 /* SystemConfiguration.framework */ = {isa = PBXFileReference; fileEncoding = 4; lastKnownFileType = wrapper.framework; name = SystemConfiguration.framework; path = System/Library/Frameworks/SystemConfiguration.framework; sourceTree = SDKROOT; };
		420A5FB06749414E896CEA4F /* scannerOverlay.xib */ = {isa = PBXFileReference; fileEncoding = 4; lastKnownFileType = file.xib; path = scannerOverlay.xib; sourceTree = "<group>"; };
		532BEE24559548C5A509811D /* CDVDevice.m */ = {isa = PBXFileReference; fileEncoding = 4; lastKnownFileType = sourcecode.c.objc; name = CDVDevice.m; path = org.apache.cordova.device/CDVDevice.m; sourceTree = "<group>"; };
		58871F67C22E44A3A3B6D26B /* CDVExif.h */ = {isa = PBXFileReference; fileEncoding = 4; lastKnownFileType = sourcecode.c.h; name = CDVExif.h; path = org.apache.cordova.camera/CDVExif.h; sourceTree = "<group>"; };
		5AEE5B34173C68D80009041E /* CoreLocation.framework */ = {isa = PBXFileReference; lastKnownFileType = wrapper.framework; name = CoreLocation.framework; path = System/Library/Frameworks/CoreLocation.framework; sourceTree = SDKROOT; };
		5B1594DC16A7569C00FEF299 /* AssetsLibrary.framework */ = {isa = PBXFileReference; lastKnownFileType = wrapper.framework; name = AssetsLibrary.framework; path = System/Library/Frameworks/AssetsLibrary.framework; sourceTree = SDKROOT; };
		63FC7975AE6049119D288E11 /* zxing-all-in-one.h */ = {isa = PBXFileReference; fileEncoding = 4; lastKnownFileType = sourcecode.c.h; name = "zxing-all-in-one.h"; path = "com.phonegap.plugins.barcodescanner/zxing-all-in-one.h"; sourceTree = "<group>"; };
		66FB27D21F164551B7793249 /* CDVFileTransfer.m */ = {isa = PBXFileReference; fileEncoding = 4; lastKnownFileType = sourcecode.c.objc; name = CDVFileTransfer.m; path = "org.apache.cordova.file-transfer/CDVFileTransfer.m"; sourceTree = "<group>"; };
		6AF97F7E7FC4417ABC1583E1 /* CDVInAppBrowser.m */ = {isa = PBXFileReference; fileEncoding = 4; lastKnownFileType = sourcecode.c.objc; name = CDVInAppBrowser.m; path = org.apache.cordova.inappbrowser/CDVInAppBrowser.m; sourceTree = "<group>"; };
		6E7596611AFE47779C471E85 /* CDVFileTransfer.h */ = {isa = PBXFileReference; fileEncoding = 4; lastKnownFileType = sourcecode.c.h; name = CDVFileTransfer.h; path = "org.apache.cordova.file-transfer/CDVFileTransfer.h"; sourceTree = "<group>"; };
		787A40FBD4CE4F659B9BFAAC /* CDVConnection.h */ = {isa = PBXFileReference; fileEncoding = 4; lastKnownFileType = sourcecode.c.h; name = CDVConnection.h; path = "org.apache.cordova.network-information/CDVConnection.h"; sourceTree = "<group>"; };
		7CA4BBB67809432BBAA41F88 /* CDVDevice.h */ = {isa = PBXFileReference; fileEncoding = 4; lastKnownFileType = sourcecode.c.h; name = CDVDevice.h; path = org.apache.cordova.device/CDVDevice.h; sourceTree = "<group>"; };
		7E7966D41810823500FA85AD /* icon-40.png */ = {isa = PBXFileReference; lastKnownFileType = image.png; path = "icon-40.png"; sourceTree = "<group>"; };
		7E7966D51810823500FA85AD /* icon-40@2x.png */ = {isa = PBXFileReference; lastKnownFileType = image.png; path = "icon-40@2x.png"; sourceTree = "<group>"; };
		7E7966D61810823500FA85AD /* icon-50.png */ = {isa = PBXFileReference; lastKnownFileType = image.png; path = "icon-50.png"; sourceTree = "<group>"; };
		7E7966D71810823500FA85AD /* icon-50@2x.png */ = {isa = PBXFileReference; lastKnownFileType = image.png; path = "icon-50@2x.png"; sourceTree = "<group>"; };
		7E7966D81810823500FA85AD /* icon-60.png */ = {isa = PBXFileReference; lastKnownFileType = image.png; path = "icon-60.png"; sourceTree = "<group>"; };
		7E7966D91810823500FA85AD /* icon-60@2x.png */ = {isa = PBXFileReference; lastKnownFileType = image.png; path = "icon-60@2x.png"; sourceTree = "<group>"; };
		7E7966DA1810823500FA85AD /* icon-76.png */ = {isa = PBXFileReference; lastKnownFileType = image.png; path = "icon-76.png"; sourceTree = "<group>"; };
		7E7966DB1810823500FA85AD /* icon-76@2x.png */ = {isa = PBXFileReference; lastKnownFileType = image.png; path = "icon-76@2x.png"; sourceTree = "<group>"; };
		7E7966DC1810823500FA85AD /* icon-small.png */ = {isa = PBXFileReference; lastKnownFileType = image.png; path = "icon-small.png"; sourceTree = "<group>"; };
		7E7966DD1810823500FA85AD /* icon-small@2x.png */ = {isa = PBXFileReference; lastKnownFileType = image.png; path = "icon-small@2x.png"; sourceTree = "<group>"; };
		7EBC4B5FA24340EB966C0E97 /* CDVReachability.h */ = {isa = PBXFileReference; fileEncoding = 4; lastKnownFileType = sourcecode.c.h; name = CDVReachability.h; path = "org.apache.cordova.network-information/CDVReachability.h"; sourceTree = "<group>"; };
		8D1107310486CEB800E47090 /* Cloobster-Info.plist */ = {isa = PBXFileReference; fileEncoding = 4; lastKnownFileType = text.plist.xml; name = "Cloobster-Info.plist"; path = "../Cloobster-Info.plist"; plistStructureDefinitionIdentifier = "com.apple.xcode.plist.structure-definition.iphone.info-plist"; sourceTree = "<group>"; };
		8D473C0427BC4C019E81462E /* FacebookConnectPlugin.h */ = {isa = PBXFileReference; fileEncoding = 4; lastKnownFileType = sourcecode.c.h; name = FacebookConnectPlugin.h; path = com.phonegap.plugins.facebookconnect/FacebookConnectPlugin.h; sourceTree = "<group>"; };
		8E4A28EA0A6141519A4B0E6F /* CDVFile.h */ = {isa = PBXFileReference; fileEncoding = 4; lastKnownFileType = sourcecode.c.h; name = CDVFile.h; path = org.apache.cordova.file/CDVFile.h; sourceTree = "<group>"; };
		94BBE3E330ED49D59A6ACE24 /* CDVAssetLibraryFilesystem.h */ = {isa = PBXFileReference; fileEncoding = 4; lastKnownFileType = sourcecode.c.h; name = CDVAssetLibraryFilesystem.h; path = org.apache.cordova.file/CDVAssetLibraryFilesystem.h; sourceTree = "<group>"; };
		951094989D7940018AB4A067 /* CDVConnection.m */ = {isa = PBXFileReference; fileEncoding = 4; lastKnownFileType = sourcecode.c.objc; name = CDVConnection.m; path = "org.apache.cordova.network-information/CDVConnection.m"; sourceTree = "<group>"; };
		978BAAB064D14562AECDB261 /* CDVLocalFilesystem.m */ = {isa = PBXFileReference; fileEncoding = 4; lastKnownFileType = sourcecode.c.objc; name = CDVLocalFilesystem.m; path = org.apache.cordova.file/CDVLocalFilesystem.m; sourceTree = "<group>"; };
		981D0B0BA25340229DE5B91B /* Social.framework */ = {isa = PBXFileReference; fileEncoding = 4; lastKnownFileType = wrapper.framework; name = Social.framework; path = System/Library/Frameworks/Social.framework; sourceTree = SDKROOT; };
		A8A205649891445BB6698A1D /* CDVAssetLibraryFilesystem.m */ = {isa = PBXFileReference; fileEncoding = 4; lastKnownFileType = sourcecode.c.objc; name = CDVAssetLibraryFilesystem.m; path = org.apache.cordova.file/CDVAssetLibraryFilesystem.m; sourceTree = "<group>"; };
		A8F4D933319D4F418FD12B25 /* CDVReachability.m */ = {isa = PBXFileReference; fileEncoding = 4; lastKnownFileType = sourcecode.c.objc; name = CDVReachability.m; path = "org.apache.cordova.network-information/CDVReachability.m"; sourceTree = "<group>"; };
		B545401C9F1D4EA6941AE7FF /* QuartzCore.framework */ = {isa = PBXFileReference; fileEncoding = 4; lastKnownFileType = wrapper.framework; name = QuartzCore.framework; path = System/Library/Frameworks/QuartzCore.framework; sourceTree = SDKROOT; };
		B69A71DD928549A481FB6C27 /* CDVLocation.h */ = {isa = PBXFileReference; fileEncoding = 4; lastKnownFileType = sourcecode.c.h; name = CDVLocation.h; path = org.apache.cordova.geolocation/CDVLocation.h; sourceTree = "<group>"; };
		B6D49D29197133560091AA60 /* Cloobster copy.app */ = {isa = PBXFileReference; explicitFileType = wrapper.application; includeInIndex = 0; path = "Cloobster copy.app"; sourceTree = BUILT_PRODUCTS_DIR; };
		B6D49D2A197133560091AA60 /* Cloobster copy-Info.plist */ = {isa = PBXFileReference; lastKnownFileType = text.plist.xml; name = "Cloobster copy-Info.plist"; path = "/Users/frederikreifschneider/karazy/cloobster_app/cordova/platforms/ios/Cloobster copy-Info.plist"; sourceTree = "<absolute>"; };
		C663B43882094992A50F6563 /* CDVCamera.h */ = {isa = PBXFileReference; fileEncoding = 4; lastKnownFileType = sourcecode.c.h; name = CDVCamera.h; path = org.apache.cordova.camera/CDVCamera.h; sourceTree = "<group>"; };
		C9BF746A65654281B79CC222 /* Accounts.framework */ = {isa = PBXFileReference; fileEncoding = 4; lastKnownFileType = wrapper.framework; name = Accounts.framework; path = System/Library/Frameworks/Accounts.framework; sourceTree = SDKROOT; };
		CEC4349BCFD247F0A4B25D88 /* CDVLocation.m */ = {isa = PBXFileReference; fileEncoding = 4; lastKnownFileType = sourcecode.c.objc; name = CDVLocation.m; path = org.apache.cordova.geolocation/CDVLocation.m; sourceTree = "<group>"; };
		CF0400049EFC40C68122F091 /* AdSupport.framework */ = {isa = PBXFileReference; fileEncoding = 4; lastKnownFileType = wrapper.framework; name = AdSupport.framework; path = System/Library/Frameworks/AdSupport.framework; sourceTree = SDKROOT; };
		D299CBF62D7E428EAA74216D /* CDVCamera.m */ = {isa = PBXFileReference; fileEncoding = 4; lastKnownFileType = sourcecode.c.objc; name = CDVCamera.m; path = org.apache.cordova.camera/CDVCamera.m; sourceTree = "<group>"; };
		D4A0D8751607E02300AEF8BB /* Default-568h@2x~iphone.png */ = {isa = PBXFileReference; lastKnownFileType = image.png; path = "Default-568h@2x~iphone.png"; sourceTree = "<group>"; };
		DBFA13BDB47246A48A168A12 /* CDVLogger.m */ = {isa = PBXFileReference; fileEncoding = 4; lastKnownFileType = sourcecode.c.objc; name = CDVLogger.m; path = org.apache.cordova.console/CDVLogger.m; sourceTree = "<group>"; };
		E011822D318E4DF8B4994D2B /* zxing-all-in-one.cpp */ = {isa = PBXFileReference; fileEncoding = 4; lastKnownFileType = unknown; name = "zxing-all-in-one.cpp"; path = "com.phonegap.plugins.barcodescanner/zxing-all-in-one.cpp"; sourceTree = "<group>"; };
		EB87FDF21871DA7A0020F90C /* merges */ = {isa = PBXFileReference; lastKnownFileType = folder; name = merges; path = ../../merges; sourceTree = "<group>"; };
		EB87FDF31871DA8E0020F90C /* www */ = {isa = PBXFileReference; lastKnownFileType = folder; name = www; path = ../../www; sourceTree = "<group>"; };
		EB87FDF41871DAF40020F90C /* config.xml */ = {isa = PBXFileReference; lastKnownFileType = text.xml; name = config.xml; path = ../../config.xml; sourceTree = "<group>"; };
		EC02BA9695224712BB84E542 /* CDVFile.m */ = {isa = PBXFileReference; fileEncoding = 4; lastKnownFileType = sourcecode.c.objc; name = CDVFile.m; path = org.apache.cordova.file/CDVFile.m; sourceTree = "<group>"; };
		EE107BCDBA2B48E6AEC8A855 /* CDVLogger.h */ = {isa = PBXFileReference; fileEncoding = 4; lastKnownFileType = sourcecode.c.h; name = CDVLogger.h; path = org.apache.cordova.console/CDVLogger.h; sourceTree = "<group>"; };
		EE11A593E63F43828035A40C /* libiconv.dylib */ = {isa = PBXFileReference; fileEncoding = 4; lastKnownFileType = "compiled.mach-o.dylib"; name = libiconv.dylib; path = usr/lib/libiconv.dylib; sourceTree = SDKROOT; };
		F840E1F0165FE0F500CFE078 /* config.xml */ = {isa = PBXFileReference; lastKnownFileType = text.xml; name = config.xml; path = Cloobster/config.xml; sourceTree = "<group>"; };
		FD0BEBAE814B48A28226E12B /* CDVBarcodeScanner.mm */ = {isa = PBXFileReference; fileEncoding = 4; lastKnownFileType = unknown; name = CDVBarcodeScanner.mm; path = com.phonegap.plugins.barcodescanner/CDVBarcodeScanner.mm; sourceTree = "<group>"; };
/* End PBXFileReference section */

/* Begin PBXFrameworksBuildPhase section */
		1D60588F0D05DD3D006BFB54 /* Frameworks */ = {
			isa = PBXFrameworksBuildPhase;
			buildActionMask = 2147483647;
			files = (
				5B1594DD16A7569C00FEF299 /* AssetsLibrary.framework in Frameworks */,
				301BF552109A68D80062928A /* libCordova.a in Frameworks */,
				288765FD0DF74451002DB57D /* CoreGraphics.framework in Frameworks */,
				305D5FD1115AB8F900A74A75 /* MobileCoreServices.framework in Frameworks */,
				5AEE5B35173C68D80009041E /* CoreLocation.framework in Frameworks */,
				30974DC7F5434EEE93DF2C7A /* libiconv.dylib in Frameworks */,
				F1ECFA1E7F8F44D5AA147319 /* AVFoundation.framework in Frameworks */,
				F54717BB07F142A5A9B56DBB /* CoreVideo.framework in Frameworks */,
				11BB717A7C1D43EB94CF7EA6 /* QuartzCore.framework in Frameworks */,
				032F3209690A462691A1C62B /* SystemConfiguration.framework in Frameworks */,
				E9FAA112BB0A48C0BB6FB771 /* ImageIO.framework in Frameworks */,
				3E52EAA982874024BBC15DE3 /* FacebookSDK.framework in Frameworks */,
				857C2C52564A40EFB72079B9 /* libsqlite3.dylib in Frameworks */,
				B22E8CCF4A194B0E9F64BD40 /* Social.framework in Frameworks */,
				46466187BC4D4C46B0C13685 /* Accounts.framework in Frameworks */,
				82FB3B7A118042F79EA02BD3 /* AdSupport.framework in Frameworks */,
				C54749665219470EA2F17EC7 /* Security.framework in Frameworks */,
			);
			runOnlyForDeploymentPostprocessing = 0;
		};
		B6D49D14197133560091AA60 /* Frameworks */ = {
			isa = PBXFrameworksBuildPhase;
			buildActionMask = 2147483647;
			files = (
				B6D49D15197133560091AA60 /* AssetsLibrary.framework in Frameworks */,
				B6D49D16197133560091AA60 /* libCordova.a in Frameworks */,
				B6D49D17197133560091AA60 /* CoreGraphics.framework in Frameworks */,
				B6D49D18197133560091AA60 /* MobileCoreServices.framework in Frameworks */,
				B6D49D19197133560091AA60 /* CoreLocation.framework in Frameworks */,
				B6D49D1A197133560091AA60 /* libiconv.dylib in Frameworks */,
				B6D49D1B197133560091AA60 /* AVFoundation.framework in Frameworks */,
				B6D49D1C197133560091AA60 /* CoreVideo.framework in Frameworks */,
				B6D49D1D197133560091AA60 /* QuartzCore.framework in Frameworks */,
				B6D49D1E197133560091AA60 /* SystemConfiguration.framework in Frameworks */,
				B6D49D1F197133560091AA60 /* ImageIO.framework in Frameworks */,
				B6D49D20197133560091AA60 /* FacebookSDK.framework in Frameworks */,
				B6D49D21197133560091AA60 /* libsqlite3.dylib in Frameworks */,
				B6D49D22197133560091AA60 /* Social.framework in Frameworks */,
				B6D49D23197133560091AA60 /* Accounts.framework in Frameworks */,
				B6D49D24197133560091AA60 /* AdSupport.framework in Frameworks */,
				B6D49D25197133560091AA60 /* Security.framework in Frameworks */,
			);
			runOnlyForDeploymentPostprocessing = 0;
		};
/* End PBXFrameworksBuildPhase section */

/* Begin PBXGroup section */
		080E96DDFE201D6D7F000001 /* Classes */ = {
			isa = PBXGroup;
			children = (
				302D95EE14D2391D003F00A1 /* MainViewController.h */,
				302D95EF14D2391D003F00A1 /* MainViewController.m */,
				302D95F014D2391D003F00A1 /* MainViewController.xib */,
				1D3623240D0F684500981E51 /* AppDelegate.h */,
				1D3623250D0F684500981E51 /* AppDelegate.m */,
			);
			name = Classes;
			path = Cloobster/Classes;
			sourceTree = SOURCE_ROOT;
		};
		19C28FACFE9D520D11CA2CBB /* Products */ = {
			isa = PBXGroup;
			children = (
				1D6058910D05DD3D006BFB54 /* Cloobster.app */,
				B6D49D29197133560091AA60 /* Cloobster copy.app */,
			);
			name = Products;
			sourceTree = "<group>";
		};
		1F766FDB13BBADB100FB74C0 /* en.lproj */ = {
			isa = PBXGroup;
			children = (
				1F766FDC13BBADB100FB74C0 /* Localizable.strings */,
			);
			path = en.lproj;
			sourceTree = "<group>";
		};
		1F766FDE13BBADB100FB74C0 /* es.lproj */ = {
			isa = PBXGroup;
			children = (
				1F766FDF13BBADB100FB74C0 /* Localizable.strings */,
			);
			path = es.lproj;
			sourceTree = "<group>";
		};
		29B97314FDCFA39411CA2CEA /* CustomTemplate */ = {
			isa = PBXGroup;
			children = (
				EB87FDF41871DAF40020F90C /* config.xml */,
				EB87FDF31871DA8E0020F90C /* www */,
				EB87FDF21871DA7A0020F90C /* merges */,
				EB87FDF11871DA420020F90C /* Staging */,
				301BF52D109A57CC0062928A /* CordovaLib.xcodeproj */,
				080E96DDFE201D6D7F000001 /* Classes */,
				307C750510C5A3420062BCA9 /* Plugins */,
				29B97315FDCFA39411CA2CEA /* Other Sources */,
				29B97317FDCFA39411CA2CEA /* Resources */,
				29B97323FDCFA39411CA2CEA /* Frameworks */,
				19C28FACFE9D520D11CA2CBB /* Products */,
				B6D49D2A197133560091AA60 /* Cloobster copy-Info.plist */,
			);
			name = CustomTemplate;
			sourceTree = "<group>";
		};
		29B97315FDCFA39411CA2CEA /* Other Sources */ = {
			isa = PBXGroup;
			children = (
				32CA4F630368D1EE00C91783 /* Cloobster-Prefix.pch */,
				29B97316FDCFA39411CA2CEA /* main.m */,
			);
			name = "Other Sources";
			path = Cloobster;
			sourceTree = "<group>";
		};
		29B97317FDCFA39411CA2CEA /* Resources */ = {
			isa = PBXGroup;
			children = (
				30A0434214DC770100060A13 /* de.lproj */,
				30A0434514DC770100060A13 /* se.lproj */,
				1F766FDB13BBADB100FB74C0 /* en.lproj */,
				1F766FDE13BBADB100FB74C0 /* es.lproj */,
				308D052D1370CCF300D202BF /* icons */,
				308D05311370CCF300D202BF /* splash */,
				8D1107310486CEB800E47090 /* Cloobster-Info.plist */,
				420A5FB06749414E896CEA4F /* scannerOverlay.xib */,
			);
			name = Resources;
			path = Cloobster/Resources;
			sourceTree = "<group>";
		};
		29B97323FDCFA39411CA2CEA /* Frameworks */ = {
			isa = PBXGroup;
			children = (
				5AEE5B34173C68D80009041E /* CoreLocation.framework */,
				5B1594DC16A7569C00FEF299 /* AssetsLibrary.framework */,
				288765FC0DF74451002DB57D /* CoreGraphics.framework */,
				305D5FD0115AB8F900A74A75 /* MobileCoreServices.framework */,
				EE11A593E63F43828035A40C /* libiconv.dylib */,
				35E8FCB410FD4107B67AAD32 /* AVFoundation.framework */,
				0171741C72904E7AB03AA7D5 /* CoreVideo.framework */,
				B545401C9F1D4EA6941AE7FF /* QuartzCore.framework */,
				3DD7900A49254787A95FE2A4 /* SystemConfiguration.framework */,
				3434C1AE7B1B41B0A46BD9C7 /* ImageIO.framework */,
				154361C41A194DFDB370AB41 /* FacebookSDK.framework */,
				0AFA16D0B4EC4AF4A6A4DF55 /* libsqlite3.dylib */,
				981D0B0BA25340229DE5B91B /* Social.framework */,
				C9BF746A65654281B79CC222 /* Accounts.framework */,
				CF0400049EFC40C68122F091 /* AdSupport.framework */,
				30B85A8D297043599927587C /* Security.framework */,
			);
			name = Frameworks;
			sourceTree = "<group>";
		};
		301BF52E109A57CC0062928A /* Products */ = {
			isa = PBXGroup;
			children = (
				301BF535109A57CC0062928A /* libCordova.a */,
			);
			name = Products;
			sourceTree = "<group>";
		};
		307C750510C5A3420062BCA9 /* Plugins */ = {
			isa = PBXGroup;
			children = (
				FD0BEBAE814B48A28226E12B /* CDVBarcodeScanner.mm */,
				E011822D318E4DF8B4994D2B /* zxing-all-in-one.cpp */,
				63FC7975AE6049119D288E11 /* zxing-all-in-one.h */,
				DBFA13BDB47246A48A168A12 /* CDVLogger.m */,
				EE107BCDBA2B48E6AEC8A855 /* CDVLogger.h */,
				532BEE24559548C5A509811D /* CDVDevice.m */,
				7CA4BBB67809432BBAA41F88 /* CDVDevice.h */,
				951094989D7940018AB4A067 /* CDVConnection.m */,
				A8F4D933319D4F418FD12B25 /* CDVReachability.m */,
				787A40FBD4CE4F659B9BFAAC /* CDVConnection.h */,
				7EBC4B5FA24340EB966C0E97 /* CDVReachability.h */,
				D299CBF62D7E428EAA74216D /* CDVCamera.m */,
				35F274484E6C4389A6988ACC /* CDVJpegHeaderWriter.m */,
				C663B43882094992A50F6563 /* CDVCamera.h */,
				3A721259FEBE45B1B61A2589 /* CDVJpegHeaderWriter.h */,
				58871F67C22E44A3A3B6D26B /* CDVExif.h */,
				CEC4349BCFD247F0A4B25D88 /* CDVLocation.m */,
				B69A71DD928549A481FB6C27 /* CDVLocation.h */,
				6AF97F7E7FC4417ABC1583E1 /* CDVInAppBrowser.m */,
				12A35F2631FB4BBAB7D94A4F /* CDVInAppBrowser.h */,
				EC02BA9695224712BB84E542 /* CDVFile.m */,
				978BAAB064D14562AECDB261 /* CDVLocalFilesystem.m */,
				A8A205649891445BB6698A1D /* CDVAssetLibraryFilesystem.m */,
				8E4A28EA0A6141519A4B0E6F /* CDVFile.h */,
				2714FDACB6224389A2D477DE /* CDVLocalFilesystem.h */,
				94BBE3E330ED49D59A6ACE24 /* CDVAssetLibraryFilesystem.h */,
				66FB27D21F164551B7793249 /* CDVFileTransfer.m */,
				6E7596611AFE47779C471E85 /* CDVFileTransfer.h */,
				00183CCAB66945D4A11A2F7D /* FacebookConnectPlugin.m */,
				8D473C0427BC4C019E81462E /* FacebookConnectPlugin.h */,
			);
			name = Plugins;
			path = Cloobster/Plugins;
			sourceTree = SOURCE_ROOT;
		};
		308D052D1370CCF300D202BF /* icons */ = {
			isa = PBXGroup;
			children = (
				7E7966D41810823500FA85AD /* icon-40.png */,
				7E7966D51810823500FA85AD /* icon-40@2x.png */,
				7E7966D61810823500FA85AD /* icon-50.png */,
				7E7966D71810823500FA85AD /* icon-50@2x.png */,
				7E7966D81810823500FA85AD /* icon-60.png */,
				7E7966D91810823500FA85AD /* icon-60@2x.png */,
				7E7966DA1810823500FA85AD /* icon-76.png */,
				7E7966DB1810823500FA85AD /* icon-76@2x.png */,
				7E7966DC1810823500FA85AD /* icon-small.png */,
				7E7966DD1810823500FA85AD /* icon-small@2x.png */,
				30FC414816E50CA1004E6F35 /* icon-72@2x.png */,
				308D052E1370CCF300D202BF /* icon-72.png */,
				308D052F1370CCF300D202BF /* icon.png */,
				308D05301370CCF300D202BF /* icon@2x.png */,
			);
			path = icons;
			sourceTree = "<group>";
		};
		308D05311370CCF300D202BF /* splash */ = {
			isa = PBXGroup;
			children = (
				D4A0D8751607E02300AEF8BB /* Default-568h@2x~iphone.png */,
				3088BBB7154F3926009F9C59 /* Default-Landscape@2x~ipad.png */,
				3088BBB8154F3926009F9C59 /* Default-Landscape~ipad.png */,
				3088BBB9154F3926009F9C59 /* Default-Portrait@2x~ipad.png */,
				3088BBBA154F3926009F9C59 /* Default-Portrait~ipad.png */,
				3088BBBB154F3926009F9C59 /* Default@2x~iphone.png */,
				3088BBBC154F3926009F9C59 /* Default~iphone.png */,
			);
			path = splash;
			sourceTree = "<group>";
		};
		30A0434214DC770100060A13 /* de.lproj */ = {
			isa = PBXGroup;
			children = (
				30A0434314DC770100060A13 /* Localizable.strings */,
			);
			path = de.lproj;
			sourceTree = "<group>";
		};
		30A0434514DC770100060A13 /* se.lproj */ = {
			isa = PBXGroup;
			children = (
				30A0434614DC770100060A13 /* Localizable.strings */,
			);
			path = se.lproj;
			sourceTree = "<group>";
		};
		EB87FDF11871DA420020F90C /* Staging */ = {
			isa = PBXGroup;
			children = (
				F840E1F0165FE0F500CFE078 /* config.xml */,
				301BF56E109A69640062928A /* www */,
			);
			name = Staging;
			sourceTree = "<group>";
		};
/* End PBXGroup section */

/* Begin PBXNativeTarget section */
		1D6058900D05DD3D006BFB54 /* Cloobster */ = {
			isa = PBXNativeTarget;
			buildConfigurationList = 1D6058960D05DD3E006BFB54 /* Build configuration list for PBXNativeTarget "Cloobster" */;
			buildPhases = (
				304B58A110DAC018002A0835 /* Copy www directory */,
				1D60588D0D05DD3D006BFB54 /* Resources */,
				1D60588E0D05DD3D006BFB54 /* Sources */,
				1D60588F0D05DD3D006BFB54 /* Frameworks */,
			);
			buildRules = (
			);
			dependencies = (
				301BF551109A68C00062928A /* PBXTargetDependency */,
			);
			name = Cloobster;
			productName = Cloobster;
			productReference = 1D6058910D05DD3D006BFB54 /* Cloobster.app */;
			productType = "com.apple.product-type.application";
		};
		B6D49CE3197133560091AA60 /* Frizz */ = {
			isa = PBXNativeTarget;
			buildConfigurationList = B6D49D26197133560091AA60 /* Build configuration list for PBXNativeTarget "Frizz" */;
			buildPhases = (
				B6D49CE6197133560091AA60 /* Copy www directory */,
				B6D49CE7197133560091AA60 /* Resources */,
				B6D49D01197133560091AA60 /* Sources */,
				B6D49D14197133560091AA60 /* Frameworks */,
			);
			buildRules = (
			);
			dependencies = (
				B6D49CE4197133560091AA60 /* PBXTargetDependency */,
			);
			name = Frizz;
			productName = Cloobster;
			productReference = B6D49D29197133560091AA60 /* Cloobster copy.app */;
			productType = "com.apple.product-type.application";
		};
/* End PBXNativeTarget section */

/* Begin PBXProject section */
		29B97313FDCFA39411CA2CEA /* Project object */ = {
			isa = PBXProject;
			attributes = {
				LastUpgradeCheck = 510;
			};
			buildConfigurationList = C01FCF4E08A954540054247B /* Build configuration list for PBXProject "Cloobster" */;
			compatibilityVersion = "Xcode 3.2";
			developmentRegion = English;
			hasScannedForEncodings = 1;
			knownRegions = (
				English,
				Japanese,
				French,
				German,
				en,
				es,
				de,
				se,
			);
			mainGroup = 29B97314FDCFA39411CA2CEA /* CustomTemplate */;
			projectDirPath = "";
			projectReferences = (
				{
					ProductGroup = 301BF52E109A57CC0062928A /* Products */;
					ProjectRef = 301BF52D109A57CC0062928A /* CordovaLib.xcodeproj */;
				},
			);
			projectRoot = "";
			targets = (
				1D6058900D05DD3D006BFB54 /* Cloobster */,
				B6D49CE3197133560091AA60 /* Frizz */,
			);
		};
/* End PBXProject section */

/* Begin PBXReferenceProxy section */
		301BF535109A57CC0062928A /* libCordova.a */ = {
			isa = PBXReferenceProxy;
			fileType = archive.ar;
			path = libCordova.a;
			remoteRef = 301BF534109A57CC0062928A /* PBXContainerItemProxy */;
			sourceTree = BUILT_PRODUCTS_DIR;
		};
/* End PBXReferenceProxy section */

/* Begin PBXResourcesBuildPhase section */
		1D60588D0D05DD3D006BFB54 /* Resources */ = {
			isa = PBXResourcesBuildPhase;
			buildActionMask = 2147483647;
			files = (
				7E7966E41810823500FA85AD /* icon-76.png in Resources */,
				7E7966DF1810823500FA85AD /* icon-40@2x.png in Resources */,
				308D05371370CCF300D202BF /* icon-72.png in Resources */,
				308D05381370CCF300D202BF /* icon.png in Resources */,
				308D05391370CCF300D202BF /* icon@2x.png in Resources */,
				1F766FE113BBADB100FB74C0 /* Localizable.strings in Resources */,
				302D95F214D2391D003F00A1 /* MainViewController.xib in Resources */,
				7E7966E01810823500FA85AD /* icon-50.png in Resources */,
				7E7966E31810823500FA85AD /* icon-60@2x.png in Resources */,
				30A0434814DC770100060A13 /* Localizable.strings in Resources */,
				7E7966E61810823500FA85AD /* icon-small.png in Resources */,
				3088BBBD154F3926009F9C59 /* Default-Landscape@2x~ipad.png in Resources */,
				3088BBBE154F3926009F9C59 /* Default-Landscape~ipad.png in Resources */,
				3088BBBF154F3926009F9C59 /* Default-Portrait@2x~ipad.png in Resources */,
				7E7966E71810823500FA85AD /* icon-small@2x.png in Resources */,
				3088BBC0154F3926009F9C59 /* Default-Portrait~ipad.png in Resources */,
				7E7966DE1810823500FA85AD /* icon-40.png in Resources */,
				3088BBC1154F3926009F9C59 /* Default@2x~iphone.png in Resources */,
				7E7966E21810823500FA85AD /* icon-60.png in Resources */,
				3088BBC2154F3926009F9C59 /* Default~iphone.png in Resources */,
				D4A0D8761607E02300AEF8BB /* Default-568h@2x~iphone.png in Resources */,
				7E7966E11810823500FA85AD /* icon-50@2x.png in Resources */,
				7E7966E51810823500FA85AD /* icon-76@2x.png in Resources */,
				30FC414916E50CA1004E6F35 /* icon-72@2x.png in Resources */,
				068A798061BB445388D4CDED /* scannerOverlay.xib in Resources */,
			);
			runOnlyForDeploymentPostprocessing = 0;
		};
		B6D49CE7197133560091AA60 /* Resources */ = {
			isa = PBXResourcesBuildPhase;
			buildActionMask = 2147483647;
			files = (
				B6D49CE8197133560091AA60 /* icon-76.png in Resources */,
				B6D49CE9197133560091AA60 /* icon-40@2x.png in Resources */,
				B6D49CEA197133560091AA60 /* icon-72.png in Resources */,
				B6D49CEB197133560091AA60 /* icon.png in Resources */,
				B6D49CEC197133560091AA60 /* icon@2x.png in Resources */,
				B6D49CED197133560091AA60 /* Localizable.strings in Resources */,
				B6D49CEE197133560091AA60 /* MainViewController.xib in Resources */,
				B6D49CEF197133560091AA60 /* icon-50.png in Resources */,
				B6D49CF0197133560091AA60 /* icon-60@2x.png in Resources */,
				B6D49CF1197133560091AA60 /* Localizable.strings in Resources */,
				B6D49CF2197133560091AA60 /* icon-small.png in Resources */,
				B6D49CF3197133560091AA60 /* Default-Landscape@2x~ipad.png in Resources */,
				B6D49CF4197133560091AA60 /* Default-Landscape~ipad.png in Resources */,
				B6D49CF5197133560091AA60 /* Default-Portrait@2x~ipad.png in Resources */,
				B6D49CF6197133560091AA60 /* icon-small@2x.png in Resources */,
				B6D49CF7197133560091AA60 /* Default-Portrait~ipad.png in Resources */,
				B6D49CF8197133560091AA60 /* icon-40.png in Resources */,
				B6D49CF9197133560091AA60 /* Default@2x~iphone.png in Resources */,
				B6D49CFA197133560091AA60 /* icon-60.png in Resources */,
				B6D49CFB197133560091AA60 /* Default~iphone.png in Resources */,
				B6D49CFC197133560091AA60 /* Default-568h@2x~iphone.png in Resources */,
				B6D49CFD197133560091AA60 /* icon-50@2x.png in Resources */,
				B6D49CFE197133560091AA60 /* icon-76@2x.png in Resources */,
				B6D49D2B1971337B0091AA60 /* Cloobster copy.app in Resources */,
				B6D49CFF197133560091AA60 /* icon-72@2x.png in Resources */,
				B6D49D00197133560091AA60 /* scannerOverlay.xib in Resources */,
			);
			runOnlyForDeploymentPostprocessing = 0;
		};
/* End PBXResourcesBuildPhase section */

/* Begin PBXShellScriptBuildPhase section */
		304B58A110DAC018002A0835 /* Copy www directory */ = {
			isa = PBXShellScriptBuildPhase;
			buildActionMask = 2147483647;
			files = (
			);
			inputPaths = (
			);
			name = "Copy www directory";
			outputPaths = (
			);
			runOnlyForDeploymentPostprocessing = 0;
			shellPath = /bin/sh;
			shellScript = "cordova/lib/copy-www-build-step.sh";
			showEnvVarsInLog = 0;
		};
		B6D49CE6197133560091AA60 /* Copy www directory */ = {
			isa = PBXShellScriptBuildPhase;
			buildActionMask = 2147483647;
			files = (
			);
			inputPaths = (
			);
			name = "Copy www directory";
			outputPaths = (
			);
			runOnlyForDeploymentPostprocessing = 0;
			shellPath = /bin/sh;
			shellScript = "cordova/lib/copy-www-build-step.sh";
			showEnvVarsInLog = 0;
		};
/* End PBXShellScriptBuildPhase section */

/* Begin PBXSourcesBuildPhase section */
		1D60588E0D05DD3D006BFB54 /* Sources */ = {
			isa = PBXSourcesBuildPhase;
			buildActionMask = 2147483647;
			files = (
				1D60589B0D05DD56006BFB54 /* main.m in Sources */,
				1D3623260D0F684500981E51 /* AppDelegate.m in Sources */,
				302D95F114D2391D003F00A1 /* MainViewController.m in Sources */,
				515AA3EE3378481D910C3687 /* CDVBarcodeScanner.mm in Sources */,
				7BCCD43D776041D4B06F8F80 /* zxing-all-in-one.cpp in Sources */,
				9326D8273C15478E830897A6 /* CDVLogger.m in Sources */,
				3D90750949F541DC8C82474B /* CDVDevice.m in Sources */,
				FF2F3021C58B4246A2CB3333 /* CDVConnection.m in Sources */,
				EC7B9A3A5B9142959C6355F1 /* CDVReachability.m in Sources */,
				7305BEE2FC92406482F98435 /* CDVCamera.m in Sources */,
				E354BEB2CC91453E8444D8F4 /* CDVJpegHeaderWriter.m in Sources */,
				0609D8602AA3421CB104AA67 /* CDVLocation.m in Sources */,
				FA3CC91D3BF5408FB93C7993 /* CDVInAppBrowser.m in Sources */,
				DF7090B34C0C4B959E748511 /* CDVFile.m in Sources */,
				FE5A2A0AB77F4EFD86C479BC /* CDVLocalFilesystem.m in Sources */,
				64C75AABF2314A31B8BE48AD /* CDVAssetLibraryFilesystem.m in Sources */,
				51EE38641DF44D8EBFE4FCE1 /* CDVFileTransfer.m in Sources */,
				D9AD8CB995674E9D9A5F5477 /* FacebookConnectPlugin.m in Sources */,
			);
			runOnlyForDeploymentPostprocessing = 0;
		};
		B6D49D01197133560091AA60 /* Sources */ = {
			isa = PBXSourcesBuildPhase;
			buildActionMask = 2147483647;
			files = (
				B6D49D02197133560091AA60 /* main.m in Sources */,
				B6D49D03197133560091AA60 /* AppDelegate.m in Sources */,
				B6D49D04197133560091AA60 /* MainViewController.m in Sources */,
				B6D49D05197133560091AA60 /* CDVBarcodeScanner.mm in Sources */,
				B6D49D06197133560091AA60 /* zxing-all-in-one.cpp in Sources */,
				B6D49D07197133560091AA60 /* CDVLogger.m in Sources */,
				B6D49D08197133560091AA60 /* CDVDevice.m in Sources */,
				B6D49D09197133560091AA60 /* CDVConnection.m in Sources */,
				B6D49D0A197133560091AA60 /* CDVReachability.m in Sources */,
				B6D49D0B197133560091AA60 /* CDVCamera.m in Sources */,
				B6D49D0C197133560091AA60 /* CDVJpegHeaderWriter.m in Sources */,
				B6D49D0D197133560091AA60 /* CDVLocation.m in Sources */,
				B6D49D0E197133560091AA60 /* CDVInAppBrowser.m in Sources */,
				B6D49D0F197133560091AA60 /* CDVFile.m in Sources */,
				B6D49D10197133560091AA60 /* CDVLocalFilesystem.m in Sources */,
				B6D49D11197133560091AA60 /* CDVAssetLibraryFilesystem.m in Sources */,
				B6D49D12197133560091AA60 /* CDVFileTransfer.m in Sources */,
				B6D49D13197133560091AA60 /* FacebookConnectPlugin.m in Sources */,
			);
			runOnlyForDeploymentPostprocessing = 0;
		};
/* End PBXSourcesBuildPhase section */

/* Begin PBXTargetDependency section */
		301BF551109A68C00062928A /* PBXTargetDependency */ = {
			isa = PBXTargetDependency;
			name = CordovaLib;
			targetProxy = 301BF550109A68C00062928A /* PBXContainerItemProxy */;
		};
		B6D49CE4197133560091AA60 /* PBXTargetDependency */ = {
			isa = PBXTargetDependency;
			name = CordovaLib;
			targetProxy = B6D49CE5197133560091AA60 /* PBXContainerItemProxy */;
		};
/* End PBXTargetDependency section */

/* Begin PBXVariantGroup section */
		1F766FDC13BBADB100FB74C0 /* Localizable.strings */ = {
			isa = PBXVariantGroup;
			children = (
				1F766FDD13BBADB100FB74C0 /* en */,
			);
			name = Localizable.strings;
			sourceTree = "<group>";
		};
		1F766FDF13BBADB100FB74C0 /* Localizable.strings */ = {
			isa = PBXVariantGroup;
			children = (
				1F766FE013BBADB100FB74C0 /* es */,
			);
			name = Localizable.strings;
			sourceTree = "<group>";
		};
		30A0434314DC770100060A13 /* Localizable.strings */ = {
			isa = PBXVariantGroup;
			children = (
				30A0434414DC770100060A13 /* de */,
			);
			name = Localizable.strings;
			sourceTree = "<group>";
		};
		30A0434614DC770100060A13 /* Localizable.strings */ = {
			isa = PBXVariantGroup;
			children = (
				30A0434714DC770100060A13 /* se */,
			);
			name = Localizable.strings;
			sourceTree = "<group>";
		};
/* End PBXVariantGroup section */

/* Begin XCBuildConfiguration section */
		1D6058940D05DD3E006BFB54 /* Debug */ = {
			isa = XCBuildConfiguration;
			buildSettings = {
				ALWAYS_SEARCH_USER_PATHS = NO;
				CLANG_ENABLE_OBJC_ARC = YES;
				COPY_PHASE_STRIP = NO;
				FRAMEWORK_SEARCH_PATHS = (
					"$(inherited)",
					"\"Cloobster/Plugins/com.phonegap.plugins.facebookconnect\"",
				);
				GCC_DYNAMIC_NO_PIC = NO;
				GCC_OPTIMIZATION_LEVEL = 0;
				GCC_PRECOMPILE_PREFIX_HEADER = YES;
				GCC_PREFIX_HEADER = "Cloobster/Cloobster-Prefix.pch";
				GCC_THUMB_SUPPORT = NO;
				GCC_VERSION = "";
				INFOPLIST_FILE = "Cloobster/Cloobster-Info.plist";
				IPHONEOS_DEPLOYMENT_TARGET = 6.0;
				OTHER_LDFLAGS = (
					"-weak_framework",
					CoreFoundation,
					"-weak_framework",
					UIKit,
					"-weak_framework",
					AVFoundation,
					"-weak_framework",
					CoreMedia,
					"-weak-lSystem",
					"-force_load",
					"\"$(BUILT_PRODUCTS_DIR)/libCordova.a\"",
					"-ObjC",
				);
				PRODUCT_NAME = Cloobster;
				TARGETED_DEVICE_FAMILY = "1,2";
			};
			name = Debug;
		};
		1D6058950D05DD3E006BFB54 /* Release */ = {
			isa = XCBuildConfiguration;
			buildSettings = {
				ALWAYS_SEARCH_USER_PATHS = NO;
				CLANG_ENABLE_OBJC_ARC = YES;
				COPY_PHASE_STRIP = YES;
				FRAMEWORK_SEARCH_PATHS = (
					"$(inherited)",
					"\"Cloobster/Plugins/com.phonegap.plugins.facebookconnect\"",
				);
				GCC_PRECOMPILE_PREFIX_HEADER = YES;
				GCC_PREFIX_HEADER = "Cloobster/Cloobster-Prefix.pch";
				GCC_THUMB_SUPPORT = NO;
				GCC_VERSION = "";
				INFOPLIST_FILE = "Cloobster/Cloobster-Info.plist";
				IPHONEOS_DEPLOYMENT_TARGET = 6.0;
				OTHER_LDFLAGS = (
					"-weak_framework",
					CoreFoundation,
					"-weak_framework",
					UIKit,
					"-weak_framework",
					AVFoundation,
					"-weak_framework",
					CoreMedia,
					"-weak-lSystem",
					"-force_load",
					"\"$(BUILT_PRODUCTS_DIR)/libCordova.a\"",
					"-ObjC",
				);
				PRODUCT_NAME = Cloobster;
				TARGETED_DEVICE_FAMILY = "1,2";
			};
			name = Release;
		};
		B6D49D27197133560091AA60 /* Debug */ = {
			isa = XCBuildConfiguration;
			buildSettings = {
				ALWAYS_SEARCH_USER_PATHS = NO;
				CLANG_ENABLE_OBJC_ARC = YES;
				COPY_PHASE_STRIP = NO;
				FRAMEWORK_SEARCH_PATHS = (
					"$(inherited)",
					"\"Cloobster/Plugins/com.phonegap.plugins.facebookconnect\"",
				);
				GCC_DYNAMIC_NO_PIC = NO;
				GCC_OPTIMIZATION_LEVEL = 0;
				GCC_PRECOMPILE_PREFIX_HEADER = YES;
				GCC_PREFIX_HEADER = "Cloobster/Cloobster-Prefix.pch";
				GCC_THUMB_SUPPORT = NO;
				GCC_VERSION = "";
				INFOPLIST_FILE = "Cloobster copy-Info.plist";
				IPHONEOS_DEPLOYMENT_TARGET = 6.0;
				OTHER_LDFLAGS = (
					"-weak_framework",
					CoreFoundation,
					"-weak_framework",
					UIKit,
					"-weak_framework",
					AVFoundation,
					"-weak_framework",
					CoreMedia,
					"-weak-lSystem",
					"-force_load",
					"\"$(BUILT_PRODUCTS_DIR)/libCordova.a\"",
					"-ObjC",
				);
				PRODUCT_NAME = "Cloobster copy";
				TARGETED_DEVICE_FAMILY = "1,2";
			};
			name = Debug;
		};
		B6D49D28197133560091AA60 /* Release */ = {
			isa = XCBuildConfiguration;
			buildSettings = {
				ALWAYS_SEARCH_USER_PATHS = NO;
				CLANG_ENABLE_OBJC_ARC = YES;
				COPY_PHASE_STRIP = YES;
				FRAMEWORK_SEARCH_PATHS = (
					"$(inherited)",
					"\"Cloobster/Plugins/com.phonegap.plugins.facebookconnect\"",
				);
				GCC_PRECOMPILE_PREFIX_HEADER = YES;
				GCC_PREFIX_HEADER = "Cloobster/Cloobster-Prefix.pch";
				GCC_THUMB_SUPPORT = NO;
				GCC_VERSION = "";
				INFOPLIST_FILE = "Cloobster copy-Info.plist";
				IPHONEOS_DEPLOYMENT_TARGET = 6.0;
				OTHER_LDFLAGS = (
					"-weak_framework",
					CoreFoundation,
					"-weak_framework",
					UIKit,
					"-weak_framework",
					AVFoundation,
					"-weak_framework",
					CoreMedia,
					"-weak-lSystem",
					"-force_load",
					"\"$(BUILT_PRODUCTS_DIR)/libCordova.a\"",
					"-ObjC",
				);
				PRODUCT_NAME = "Cloobster copy";
				TARGETED_DEVICE_FAMILY = "1,2";
			};
			name = Release;
		};
		C01FCF4F08A954540054247B /* Debug */ = {
			isa = XCBuildConfiguration;
			buildSettings = {
				CLANG_ENABLE_OBJC_ARC = YES;
				CLANG_WARN_BOOL_CONVERSION = YES;
				CLANG_WARN_CONSTANT_CONVERSION = YES;
				CLANG_WARN_EMPTY_BODY = YES;
				CLANG_WARN_ENUM_CONVERSION = YES;
				CLANG_WARN_INT_CONVERSION = YES;
				CLANG_WARN__DUPLICATE_METHOD_MATCH = YES;
				"CODE_SIGN_IDENTITY[sdk=iphoneos*]" = "iPhone Developer";
				GCC_C_LANGUAGE_STANDARD = c99;
				GCC_THUMB_SUPPORT = NO;
				GCC_VERSION = "";
				GCC_WARN_ABOUT_RETURN_TYPE = YES;
				GCC_WARN_UNDECLARED_SELECTOR = YES;
				GCC_WARN_UNINITIALIZED_AUTOS = YES;
				GCC_WARN_UNUSED_FUNCTION = YES;
				GCC_WARN_UNUSED_VARIABLE = YES;
				HEADER_SEARCH_PATHS = (
					"\"$(TARGET_BUILD_DIR)/usr/local/lib/include\"",
					"\"$(OBJROOT)/UninstalledProducts/include\"",
					"\"$(BUILT_PRODUCTS_DIR)\"",
				);
				IPHONEOS_DEPLOYMENT_TARGET = 6.0;
				ONLY_ACTIVE_ARCH = YES;
				OTHER_LDFLAGS = (
					"-weak_framework",
					CoreFoundation,
					"-weak_framework",
					UIKit,
					"-weak_framework",
					AVFoundation,
					"-weak_framework",
					CoreMedia,
					"-weak-lSystem",
					"-force_load",
					"\"$(BUILT_PRODUCTS_DIR)/libCordova.a\"",
					"-ObjC",
				);
				SDKROOT = iphoneos;
				SKIP_INSTALL = NO;
				USER_HEADER_SEARCH_PATHS = "";
			};
			name = Debug;
		};
		C01FCF5008A954540054247B /* Release */ = {
			isa = XCBuildConfiguration;
			buildSettings = {
				CLANG_ENABLE_OBJC_ARC = YES;
				CLANG_WARN_BOOL_CONVERSION = YES;
				CLANG_WARN_CONSTANT_CONVERSION = YES;
				CLANG_WARN_EMPTY_BODY = YES;
				CLANG_WARN_ENUM_CONVERSION = YES;
				CLANG_WARN_INT_CONVERSION = YES;
				CLANG_WARN__DUPLICATE_METHOD_MATCH = YES;
				"CODE_SIGN_IDENTITY[sdk=iphoneos*]" = "iPhone Developer";
				GCC_C_LANGUAGE_STANDARD = c99;
				GCC_THUMB_SUPPORT = NO;
				GCC_VERSION = "";
				GCC_WARN_ABOUT_RETURN_TYPE = YES;
				GCC_WARN_UNDECLARED_SELECTOR = YES;
				GCC_WARN_UNINITIALIZED_AUTOS = YES;
				GCC_WARN_UNUSED_FUNCTION = YES;
				GCC_WARN_UNUSED_VARIABLE = YES;
				HEADER_SEARCH_PATHS = (
					"\"$(TARGET_BUILD_DIR)/usr/local/lib/include\"",
					"\"$(OBJROOT)/UninstalledProducts/include\"",
					"\"$(BUILT_PRODUCTS_DIR)\"",
				);
				IPHONEOS_DEPLOYMENT_TARGET = 6.0;
				OTHER_LDFLAGS = (
					"-weak_framework",
					CoreFoundation,
					"-weak_framework",
					UIKit,
					"-weak_framework",
					AVFoundation,
					"-weak_framework",
					CoreMedia,
					"-weak-lSystem",
					"-force_load",
					"\"$(BUILT_PRODUCTS_DIR)/libCordova.a\"",
					"-ObjC",
				);
				SDKROOT = iphoneos;
				SKIP_INSTALL = NO;
				USER_HEADER_SEARCH_PATHS = "";
			};
			name = Release;
		};
/* End XCBuildConfiguration section */

/* Begin XCConfigurationList section */
		1D6058960D05DD3E006BFB54 /* Build configuration list for PBXNativeTarget "Cloobster" */ = {
			isa = XCConfigurationList;
			buildConfigurations = (
				1D6058940D05DD3E006BFB54 /* Debug */,
				1D6058950D05DD3E006BFB54 /* Release */,
			);
			defaultConfigurationIsVisible = 0;
			defaultConfigurationName = Release;
		};
		B6D49D26197133560091AA60 /* Build configuration list for PBXNativeTarget "Frizz" */ = {
			isa = XCConfigurationList;
			buildConfigurations = (
				B6D49D27197133560091AA60 /* Debug */,
				B6D49D28197133560091AA60 /* Release */,
			);
			defaultConfigurationIsVisible = 0;
			defaultConfigurationName = Release;
		};
		C01FCF4E08A954540054247B /* Build configuration list for PBXProject "Cloobster" */ = {
			isa = XCConfigurationList;
			buildConfigurations = (
				C01FCF4F08A954540054247B /* Debug */,
				C01FCF5008A954540054247B /* Release */,
			);
			defaultConfigurationIsVisible = 0;
			defaultConfigurationName = Release;
		};
/* End XCConfigurationList section */
	};
	rootObject = 29B97313FDCFA39411CA2CEA /* Project object */;
}
